
Microsoft Visual Studio Solution File, Format Version 12.00
# Visual Studio Version 17
VisualStudioVersion = 17.9.34723.18
MinimumVisualStudioVersion = 10.0.40219.1
Project("{FAE04EC0-301F-11D3-BF4B-00C04F79EFBC}") = "BrightBind.Server", "BrightBind.Server\BrightBind.Server.csproj", "{5001536E-A978-4BF9-9CC4-14AF541A9A06}"
EndProject
Project("{54A90642-561A-4BB1-A94E-469ADEE60C69}") = "brightbind.client", "brightbind.client\brightbind.client.esproj", "{6D56C385-7C4D-4596-92F3-3E55023137F0}"
EndProject
Global
	GlobalSection(SolutionConfigurationPlatforms) = preSolution
		Debug|Any CPU = Debug|Any CPU
		Release|Any CPU = Release|Any CPU
	EndGlobalSection
	GlobalSection(ProjectConfigurationPlatforms) = postSolution
		{5001536E-A978-4BF9-9CC4-14AF541A9A06}.Debug|Any CPU.ActiveCfg = Debug|Any CPU
		{5001536E-A978-4BF9-9CC4-14AF541A9A06}.Debug|Any CPU.Build.0 = Debug|Any CPU
		{5001536E-A978-4BF9-9CC4-14AF541A9A06}.Release|Any CPU.ActiveCfg = Release|Any CPU
		{5001536E-A978-4BF9-9CC4-14AF541A9A06}.Release|Any CPU.Build.0 = Release|Any CPU
		{6D56C385-7C4D-4596-92F3-3E55023137F0}.Debug|Any CPU.ActiveCfg = Debug|Any CPU
		{6D56C385-7C4D-4596-92F3-3E55023137F0}.Debug|Any CPU.Build.0 = Debug|Any CPU
		{6D56C385-7C4D-4596-92F3-3E55023137F0}.Debug|Any CPU.Deploy.0 = Debug|Any CPU
		{6D56C385-7C4D-4596-92F3-3E55023137F0}.Release|Any CPU.ActiveCfg = Release|Any CPU
		{6D56C385-7C4D-4596-92F3-3E55023137F0}.Release|Any CPU.Build.0 = Release|Any CPU
		{6D56C385-7C4D-4596-92F3-3E55023137F0}.Release|Any CPU.Deploy.0 = Release|Any CPU
	EndGlobalSection
	GlobalSection(SolutionProperties) = preSolution
		HideSolutionNode = FALSE
	EndGlobalSection
	GlobalSection(ExtensibilityGlobals) = postSolution
		SolutionGuid = {C9EA5C8F-4450-4EED-89E2-CCDF7B151DF5}
	EndGlobalSection
EndGlobal
